PODS:
  - Alamofire (4.0.1)
  - AlamofireImage (3.1.0):
    - Alamofire (~> 4.0)
  - CLTokenInputView (2.3.0)
  - Eureka (2.0.0-beta.1)
  - TokenRow (1.0.0):
    - CLTokenInputView (~> 2.0)
    - Eureka (~> 2.0.0-beta.1)

DEPENDENCIES:
  - Alamofire (~> 4.0)
  - AlamofireImage
  - CLTokenInputView (~> 2.0)
  - TokenRow (from `../../`)

EXTERNAL SOURCES:
  TokenRow:
    :path: ../../

SPEC CHECKSUMS:
  Alamofire: 7682d43245de14874acd142ec137b144aa1dd335
  AlamofireImage: bb8c8351c51cb1633bb6be69b6dbbaff37ce65b7
  CLTokenInputView: 9dc1ffb7c9d2d81787e69a63c75bd97b0b2d1e76
  Eureka: d014adf16406745e1a78d5790ea37ed130a0a8e5
  TokenRow: 7362e08738e1ba31260a13f963d93e5115fd4568

PODFILE CHECKSUM: ae10cf141332d133506b562d6cf2f2ea98250b24

COCOAPODS: 1.1.0.rc.2
